
Microsoft Visual Studio Solution File, Format Version 12.00
Project("{FAE04EC0-301F-11D3-BF4B-00C04F79EFBC}") = "Distributed.Caching", "Distributed.Caching\Distributed.Caching.csproj", "{2688E91C-451B-4F93-8764-C3EC744BA1C2}"
EndProject
Project("{FAE04EC0-301F-11D3-BF4B-00C04F79EFBC}") = "InMemory.Caching", "InMemory.Caching\InMemory.Caching.csproj", "{1BCA4B31-7697-4285-8B3D-5845B07135FE}"
EndProject
Project("{FAE04EC0-301F-11D3-BF4B-00C04F79EFBC}") = "Publisher", "Publisher\Publisher.csproj", "{71AB7DE8-3495-4A7C-B768-5B6B7C80909B}"
EndProject
Project("{FAE04EC0-301F-11D3-BF4B-00C04F79EFBC}") = "Subscriber", "Subscriber\Subscriber.csproj", "{FAA88BF1-AF49-4192-B929-A33BAA4FF932}"
EndProject
Project("{FAE04EC0-301F-11D3-BF4B-00C04F79EFBC}") = "Sentinel", "Sentinel\Sentinel.csproj", "{68CE8528-17BF-44AC-B687-D68AF3F434F5}"
EndProject
Global
	GlobalSection(SolutionConfigurationPlatforms) = preSolution
		Debug|Any CPU = Debug|Any CPU
		Release|Any CPU = Release|Any CPU
	EndGlobalSection
	GlobalSection(ProjectConfigurationPlatforms) = postSolution
		{2688E91C-451B-4F93-8764-C3EC744BA1C2}.Debug|Any CPU.ActiveCfg = Debug|Any CPU
		{2688E91C-451B-4F93-8764-C3EC744BA1C2}.Debug|Any CPU.Build.0 = Debug|Any CPU
		{2688E91C-451B-4F93-8764-C3EC744BA1C2}.Release|Any CPU.ActiveCfg = Release|Any CPU
		{2688E91C-451B-4F93-8764-C3EC744BA1C2}.Release|Any CPU.Build.0 = Release|Any CPU
		{1BCA4B31-7697-4285-8B3D-5845B07135FE}.Debug|Any CPU.ActiveCfg = Debug|Any CPU
		{1BCA4B31-7697-4285-8B3D-5845B07135FE}.Debug|Any CPU.Build.0 = Debug|Any CPU
		{1BCA4B31-7697-4285-8B3D-5845B07135FE}.Release|Any CPU.ActiveCfg = Release|Any CPU
		{1BCA4B31-7697-4285-8B3D-5845B07135FE}.Release|Any CPU.Build.0 = Release|Any CPU
		{71AB7DE8-3495-4A7C-B768-5B6B7C80909B}.Debug|Any CPU.ActiveCfg = Debug|Any CPU
		{71AB7DE8-3495-4A7C-B768-5B6B7C80909B}.Debug|Any CPU.Build.0 = Debug|Any CPU
		{71AB7DE8-3495-4A7C-B768-5B6B7C80909B}.Release|Any CPU.ActiveCfg = Release|Any CPU
		{71AB7DE8-3495-4A7C-B768-5B6B7C80909B}.Release|Any CPU.Build.0 = Release|Any CPU
		{FAA88BF1-AF49-4192-B929-A33BAA4FF932}.Debug|Any CPU.ActiveCfg = Debug|Any CPU
		{FAA88BF1-AF49-4192-B929-A33BAA4FF932}.Debug|Any CPU.Build.0 = Debug|Any CPU
		{FAA88BF1-AF49-4192-B929-A33BAA4FF932}.Release|Any CPU.ActiveCfg = Release|Any CPU
		{FAA88BF1-AF49-4192-B929-A33BAA4FF932}.Release|Any CPU.Build.0 = Release|Any CPU
		{68CE8528-17BF-44AC-B687-D68AF3F434F5}.Debug|Any CPU.ActiveCfg = Debug|Any CPU
		{68CE8528-17BF-44AC-B687-D68AF3F434F5}.Debug|Any CPU.Build.0 = Debug|Any CPU
		{68CE8528-17BF-44AC-B687-D68AF3F434F5}.Release|Any CPU.ActiveCfg = Release|Any CPU
		{68CE8528-17BF-44AC-B687-D68AF3F434F5}.Release|Any CPU.Build.0 = Release|Any CPU
	EndGlobalSection
EndGlobal
